
Microsoft Visual Studio Solution File, Format Version 12.00
# Visual Studio Version 16
VisualStudioVersion = 16.0.31410.357
MinimumVisualStudioVersion = 10.0.40219.1
Project("{FAE04EC0-301F-11D3-BF4B-00C04F79EFBC}") = "05registrolibros", "05registrolibros.csproj", "{38F70420-6D6A-4283-922B-B41089A6104E}"
EndProject
Global
	GlobalSection(SolutionConfigurationPlatforms) = preSolution
		Debug|Any CPU = Debug|Any CPU
		Release|Any CPU = Release|Any CPU
	EndGlobalSection
	GlobalSection(ProjectConfigurationPlatforms) = postSolution
		{38F70420-6D6A-4283-922B-B41089A6104E}.Debug|Any CPU.ActiveCfg = Debug|Any CPU
		{38F70420-6D6A-4283-922B-B41089A6104E}.Debug|Any CPU.Build.0 = Debug|Any CPU
		{38F70420-6D6A-4283-922B-B41089A6104E}.Release|Any CPU.ActiveCfg = Release|Any CPU
		{38F70420-6D6A-4283-922B-B41089A6104E}.Release|Any CPU.Build.0 = Release|Any CPU
	EndGlobalSection
	GlobalSection(SolutionProperties) = preSolution
		HideSolutionNode = FALSE
	EndGlobalSection
	GlobalSection(ExtensibilityGlobals) = postSolution
		SolutionGuid = {603B7358-4E6C-4D36-8952-A280E4908377}
	EndGlobalSection
EndGlobal
